dependencies:
- name: elasticsearch
  repository: https://helm.elastic.co/
  version: 7.5.2
- name: mysql
  repository: https://charts.bitnami.com/bitnami
  version: 8.5.7
- name: elasticsearch
  repository: https://helm.elastic.co/
  version: 7.5.2
- name: redis
  repository: https://charts.bitnami.com/bitnami
  version: 14.1.1
digest: sha256:5cd84bf701a1ef6028d8b944da331ff8e8f0fa97ff08ee3b36b96e0c0b5d12cd
generated: "2021-05-09T10:54:50.377333+08:00"
